
Microsoft Visual Studio Solution File, Format Version 12.00
# Visual Studio Version 17
VisualStudioVersion = 17.9.34622.214
MinimumVisualStudioVersion = 10.0.40219.1
Project("{9A19103F-16F7-4668-BE54-9A1E7A4F7556}") = "RSGameDemo", "RSGameDemo.csproj", "{281652E7-0E0A-4D15-807A-0D939E96C953}"
EndProject
Project("{9A19103F-16F7-4668-BE54-9A1E7A4F7556}") = "RSRockstarEngine", "..\RSRockstar\RSRockstarEngine.csproj", "{6FEB6561-6F34-4940-ABF4-B4ECFB5EA674}"
EndProject
Global
	GlobalSection(SolutionConfigurationPlatforms) = preSolution
		Debug|Any CPU = Debug|Any CPU
		Release|Any CPU = Release|Any CPU
	EndGlobalSection
	GlobalSection(ProjectConfigurationPlatforms) = postSolution
		{281652E7-0E0A-4D15-807A-0D939E96C953}.Debug|Any CPU.ActiveCfg = Debug|Any CPU
		{281652E7-0E0A-4D15-807A-0D939E96C953}.Debug|Any CPU.Build.0 = Debug|Any CPU
		{281652E7-0E0A-4D15-807A-0D939E96C953}.Release|Any CPU.ActiveCfg = Release|Any CPU
		{281652E7-0E0A-4D15-807A-0D939E96C953}.Release|Any CPU.Build.0 = Release|Any CPU
		{6FEB6561-6F34-4940-ABF4-B4ECFB5EA674}.Debug|Any CPU.ActiveCfg = Debug|Any CPU
		{6FEB6561-6F34-4940-ABF4-B4ECFB5EA674}.Debug|Any CPU.Build.0 = Debug|Any CPU
		{6FEB6561-6F34-4940-ABF4-B4ECFB5EA674}.Release|Any CPU.ActiveCfg = Release|Any CPU
		{6FEB6561-6F34-4940-ABF4-B4ECFB5EA674}.Release|Any CPU.Build.0 = Release|Any CPU
	EndGlobalSection
	GlobalSection(SolutionProperties) = preSolution
		HideSolutionNode = FALSE
	EndGlobalSection
	GlobalSection(ExtensibilityGlobals) = postSolution
		SolutionGuid = {F9188ED3-6667-4BCA-8799-ED3DF89AC54A}
	EndGlobalSection
EndGlobal
